{
  "name": "plancktest",
  "version": "0.0.0",
  "lockfileVersion": 2,
  "requires": true,
  "packages": {
    "": {
      "name": "plancktest",
      "version": "0.0.0",
      "dependencies": {
        "planck": "^1.0.0-alpha.4"
      },
      "devDependencies": {
        "typescript": "^4.9.3"
      }
    },
    "node_modules/planck": {
      "version": "1.0.0-alpha.4",
      "resolved": "https://registry.npmjs.org/planck/-/planck-1.0.0-alpha.4.tgz",
      "integrity": "sha512-DOqIPDDWc2MIkYTwyi6q4Z8VIX3sYMr4YZXuUFdUwZUslQVzcUJCMrg9WHIYfyNnQP8U8EzbAmlnKa72+WwExA==",
      "dependencies": {
        "stage-js": "^0.9.4"
      }
    },
    "node_modules/stage-js": {
      "version": "0.9.4",
      "resolved": "https://registry.npmjs.org/stage-js/-/stage-js-0.9.4.tgz",
      "integrity": "sha512-fNN6rkYD55T4NUxJE71hixXYS9DoyHVX5S8sQcq5yiozX1kqHP/wnByZwFfdAGNZjb5rROJ90zwb0EbM9U2Jqg=="
    },
    "node_modules/typescript": {
      "version": "4.9.4",
      "resolved": "https://registry.npmjs.org/typescript/-/typescript-4.9.4.tgz",
      "integrity": "sha512-Uz+dTXYzxXXbsFpM86Wh3dKCxrQqUcVMxwU54orwlJjOpO3ao8L7j5lH+dWfTwgCwIuM9GQ2kvVotzYJMXTBZg==",
      "dev": true,
      "bin": {
        "tsc": "bin/tsc",
        "tsserver": "bin/tsserver"
      },
      "engines": {
        "node": ">=4.2.0"
      }
    }
  },
  "dependencies": {
    "planck": {
      "version": "1.0.0-alpha.4",
      "resolved": "https://registry.npmjs.org/planck/-/planck-1.0.0-alpha.4.tgz",
      "integrity": "sha512-DOqIPDDWc2MIkYTwyi6q4Z8VIX3sYMr4YZXuUFdUwZUslQVzcUJCMrg9WHIYfyNnQP8U8EzbAmlnKa72+WwExA==",
      "requires": {
        "stage-js": "^0.9.4"
      }
    },
    "stage-js": {
      "version": "0.9.4",
      "resolved": "https://registry.npmjs.org/stage-js/-/stage-js-0.9.4.tgz",
      "integrity": "sha512-fNN6rkYD55T4NUxJE71hixXYS9DoyHVX5S8sQcq5yiozX1kqHP/wnByZwFfdAGNZjb5rROJ90zwb0EbM9U2Jqg=="
    },
    "typescript": {
      "version": "4.9.4",
      "resolved": "https://registry.npmjs.org/typescript/-/typescript-4.9.4.tgz",
      "integrity": "sha512-Uz+dTXYzxXXbsFpM86Wh3dKCxrQqUcVMxwU54orwlJjOpO3ao8L7j5lH+dWfTwgCwIuM9GQ2kvVotzYJMXTBZg==",
      "dev": true
    }
  }
}
